// !$*UTF8*$!
{
	archiveVersion = 1;
	classes = {
	};
	objectVersion = 46;
	objects = {

/* Begin PBXBuildFile section */
		013336751A8AEC04007314CB /* DaiPortal+Reciver.m in Sources */ = {isa = PBXBuildFile; fileRef = 013336741A8AEC04007314CB /* DaiPortal+Reciver.m */; };
		013336781A8AED0B007314CB /* DaiPortal+Internal.m in Sources */ = {isa = PBXBuildFile; fileRef = 013336771A8AED0B007314CB /* DaiPortal+Internal.m */; };
		0133367B1A8AED9A007314CB /* DaiPortal+Sender.m in Sources */ = {isa = PBXBuildFile; fileRef = 0133367A1A8AED9A007314CB /* DaiPortal+Sender.m */; };
		013336861A8B0450007314CB /* DaiPortalBlockAnalysis.m in Sources */ = {isa = PBXBuildFile; fileRef = 0133367F1A8B0450007314CB /* DaiPortalBlockAnalysis.m */; };
		013336871A8B0450007314CB /* DaiPortalMessager.m in Sources */ = {isa = PBXBuildFile; fileRef = 013336811A8B0450007314CB /* DaiPortalMessager.m */; };
		013336891A8B0450007314CB /* SFExecuteOnDeallocInternalObject.m in Sources */ = {isa = PBXBuildFile; fileRef = 013336851A8B0450007314CB /* SFExecuteOnDeallocInternalObject.m */; };
		014966BB1A24176900C72006 /* NSObject+DaiPortal.m in Sources */ = {isa = PBXBuildFile; fileRef = 014966BA1A24176900C72006 /* NSObject+DaiPortal.m */; };
		017556C71A2328AF00685430 /* main.m in Sources */ = {isa = PBXBuildFile; fileRef = 017556C61A2328AF00685430 /* main.m */; };
		017556CA1A2328AF00685430 /* AppDelegate.m in Sources */ = {isa = PBXBuildFile; fileRef = 017556C91A2328AF00685430 /* AppDelegate.m */; };
		017556D21A2328AF00685430 /* Images.xcassets in Resources */ = {isa = PBXBuildFile; fileRef = 017556D11A2328AF00685430 /* Images.xcassets */; };
		017556ED1A2328D100685430 /* MainViewController.m in Sources */ = {isa = PBXBuildFile; fileRef = 017556EB1A2328D100685430 /* MainViewController.m */; };
		017556EE1A2328D100685430 /* MainViewController.xib in Resources */ = {isa = PBXBuildFile; fileRef = 017556EC1A2328D100685430 /* MainViewController.xib */; };
		017556F01A2328DE00685430 /* Default-568h@2x.png in Resources */ = {isa = PBXBuildFile; fileRef = 017556EF1A2328DE00685430 /* Default-568h@2x.png */; };
		0181DA371A8B0A760056CE18 /* DaiPortalPackage.m in Sources */ = {isa = PBXBuildFile; fileRef = 0181DA361A8B0A760056CE18 /* DaiPortalPackage.m */; };
		01C0B57F1A8A04B000410034 /* DaiPortal.m in Sources */ = {isa = PBXBuildFile; fileRef = 01C0B57E1A8A04B000410034 /* DaiPortal.m */; };
/* End PBXBuildFile section */

/* Begin PBXFileReference section */
		01305F321A8DE9F400D4AA71 /* DaiPortalMetaMacros.h */ = {isa = PBXFileReference; fileEncoding = 4; lastKnownFileType = sourcecode.c.h; path = DaiPortalMetaMacros.h; sourceTree = "<group>"; };
		013336731A8AEC04007314CB /* DaiPortal+Reciver.h */ = {isa = PBXFileReference; fileEncoding = 4; lastKnownFileType = sourcecode.c.h; path = "DaiPortal+Reciver.h"; sourceTree = "<group>"; };
		013336741A8AEC04007314CB /* DaiPortal+Reciver.m */ = {isa = PBXFileReference; fileEncoding = 4; lastKnownFileType = sourcecode.c.objc; path = "DaiPortal+Reciver.m"; sourceTree = "<group>"; };
		013336761A8AED0B007314CB /* DaiPortal+Internal.h */ = {isa = PBXFileReference; fileEncoding = 4; lastKnownFileType = sourcecode.c.h; path = "DaiPortal+Internal.h"; sourceTree = "<group>"; };
		013336771A8AED0B007314CB /* DaiPortal+Internal.m */ = {isa = PBXFileReference; fileEncoding = 4; lastKnownFileType = sourcecode.c.objc; path = "DaiPortal+Internal.m"; sourceTree = "<group>"; };
		013336791A8AED9A007314CB /* DaiPortal+Sender.h */ = {isa = PBXFileReference; fileEncoding = 4; lastKnownFileType = sourcecode.c.h; path = "DaiPortal+Sender.h"; sourceTree = "<group>"; };
		0133367A1A8AED9A007314CB /* DaiPortal+Sender.m */ = {isa = PBXFileReference; fileEncoding = 4; lastKnownFileType = sourcecode.c.objc; path = "DaiPortal+Sender.m"; sourceTree = "<group>"; };
		0133367E1A8B0450007314CB /* DaiPortalBlockAnalysis.h */ = {isa = PBXFileReference; fileEncoding = 4; lastKnownFileType = sourcecode.c.h; path = DaiPortalBlockAnalysis.h; sourceTree = "<group>"; };
		0133367F1A8B0450007314CB /* DaiPortalBlockAnalysis.m */ = {isa = PBXFileReference; fileEncoding = 4; lastKnownFileType = sourcecode.c.objc; path = DaiPortalBlockAnalysis.m; sourceTree = "<group>"; };
		013336801A8B0450007314CB /* DaiPortalMessager.h */ = {isa = PBXFileReference; fileEncoding = 4; lastKnownFileType = sourcecode.c.h; path = DaiPortalMessager.h; sourceTree = "<group>"; };
		013336811A8B0450007314CB /* DaiPortalMessager.m */ = {isa = PBXFileReference; fileEncoding = 4; lastKnownFileType = sourcecode.c.objc; path = DaiPortalMessager.m; sourceTree = "<group>"; };
		013336841A8B0450007314CB /* SFExecuteOnDeallocInternalObject.h */ = {isa = PBXFileReference; fileEncoding = 4; lastKnownFileType = sourcecode.c.h; path = SFExecuteOnDeallocInternalObject.h; sourceTree = "<group>"; };
		013336851A8B0450007314CB /* SFExecuteOnDeallocInternalObject.m */ = {isa = PBXFileReference; fileEncoding = 4; lastKnownFileType = sourcecode.c.objc; path = SFExecuteOnDeallocInternalObject.m; sourceTree = "<group>"; };
		014966B91A24176900C72006 /* NSObject+DaiPortal.h */ = {isa = PBXFileReference; fileEncoding = 4; lastKnownFileType = sourcecode.c.h; path = "NSObject+DaiPortal.h"; sourceTree = "<group>"; };
		014966BA1A24176900C72006 /* NSObject+DaiPortal.m */ = {isa = PBXFileReference; fileEncoding = 4; lastKnownFileType = sourcecode.c.objc; path = "NSObject+DaiPortal.m"; sourceTree = "<group>"; };
		017556C11A2328AF00685430 /* DaiPortalV2.app */ = {isa = PBXFileReference; explicitFileType = wrapper.application; includeInIndex = 0; path = DaiPortalV2.app; sourceTree = BUILT_PRODUCTS_DIR; };
		017556C51A2328AF00685430 /* Info.plist */ = {isa = PBXFileReference; lastKnownFileType = text.plist.xml; path = Info.plist; sourceTree = "<group>"; };
		017556C61A2328AF00685430 /* main.m */ = {isa = PBXFileReference; lastKnownFileType = sourcecode.c.objc; path = main.m; sourceTree = "<group>"; };
		017556C81A2328AF00685430 /* AppDelegate.h */ = {isa = PBXFileReference; lastKnownFileType = sourcecode.c.h; path = AppDelegate.h; sourceTree = "<group>"; };
		017556C91A2328AF00685430 /* AppDelegate.m */ = {isa = PBXFileReference; lastKnownFileType = sourcecode.c.objc; path = AppDelegate.m; sourceTree = "<group>"; };
		017556D11A2328AF00685430 /* Images.xcassets */ = {isa = PBXFileReference; lastKnownFileType = folder.assetcatalog; path = Images.xcassets; sourceTree = "<group>"; };
		017556EA1A2328D100685430 /* MainViewController.h */ = {isa = PBXFileReference; fileEncoding = 4; lastKnownFileType = sourcecode.c.h; path = MainViewController.h; sourceTree = "<group>"; };
		017556EB1A2328D100685430 /* MainViewController.m */ = {isa = PBXFileReference; fileEncoding = 4; lastKnownFileType = sourcecode.c.objc; path = MainViewController.m; sourceTree = "<group>"; };
		017556EC1A2328D100685430 /* MainViewController.xib */ = {isa = PBXFileReference; fileEncoding = 4; lastKnownFileType = file.xib; path = MainViewController.xib; sourceTree = "<group>"; };
		017556EF1A2328DE00685430 /* Default-568h@2x.png */ = {isa = PBXFileReference; lastKnownFileType = image.png; path = "Default-568h@2x.png"; sourceTree = "<group>"; };
		0181DA351A8B0A760056CE18 /* DaiPortalPackage.h */ = {isa = PBXFileReference; fileEncoding = 4; lastKnownFileType = sourcecode.c.h; path = DaiPortalPackage.h; sourceTree = "<group>"; };
		0181DA361A8B0A760056CE18 /* DaiPortalPackage.m */ = {isa = PBXFileReference; fileEncoding = 4; lastKnownFileType = sourcecode.c.objc; path = DaiPortalPackage.m; sourceTree = "<group>"; };
		01C0B57D1A8A04B000410034 /* DaiPortal.h */ = {isa = PBXFileReference; fileEncoding = 4; lastKnownFileType = sourcecode.c.h; path = DaiPortal.h; sourceTree = "<group>"; };
		01C0B57E1A8A04B000410034 /* DaiPortal.m */ = {isa = PBXFileReference; fileEncoding = 4; lastKnownFileType = sourcecode.c.objc; path = DaiPortal.m; sourceTree = "<group>"; };
/* End PBXFileReference section */

/* Begin PBXFrameworksBuildPhase section */
		017556BE1A2328AF00685430 /* Frameworks */ = {
			isa = PBXFrameworksBuildPhase;
			buildActionMask = 2147483647;
			files = (
			);
			runOnlyForDeploymentPostprocessing = 0;
		};
/* End PBXFrameworksBuildPhase section */

/* Begin PBXGroup section */
		0133367D1A8B0450007314CB /* PortalUtility */ = {
			isa = PBXGroup;
			children = (
				01305F321A8DE9F400D4AA71 /* DaiPortalMetaMacros.h */,
				0181DA351A8B0A760056CE18 /* DaiPortalPackage.h */,
				0181DA361A8B0A760056CE18 /* DaiPortalPackage.m */,
				0133367E1A8B0450007314CB /* DaiPortalBlockAnalysis.h */,
				0133367F1A8B0450007314CB /* DaiPortalBlockAnalysis.m */,
				013336801A8B0450007314CB /* DaiPortalMessager.h */,
				013336811A8B0450007314CB /* DaiPortalMessager.m */,
				013336841A8B0450007314CB /* SFExecuteOnDeallocInternalObject.h */,
				013336851A8B0450007314CB /* SFExecuteOnDeallocInternalObject.m */,
			);
			path = PortalUtility;
			sourceTree = "<group>";
		};
		017556B81A2328AF00685430 = {
			isa = PBXGroup;
			children = (
				017556C31A2328AF00685430 /* DaiPortalV2 */,
				017556C21A2328AF00685430 /* Products */,
			);
			sourceTree = "<group>";
		};
		017556C21A2328AF00685430 /* Products */ = {
			isa = PBXGroup;
			children = (
				017556C11A2328AF00685430 /* DaiPortalV2.app */,
			);
			name = Products;
			sourceTree = "<group>";
		};
		017556C31A2328AF00685430 /* DaiPortalV2 */ = {
			isa = PBXGroup;
			children = (
				017556F11A23296D00685430 /* DaiPortal */,
				017556C81A2328AF00685430 /* AppDelegate.h */,
				017556C91A2328AF00685430 /* AppDelegate.m */,
				017556EA1A2328D100685430 /* MainViewController.h */,
				017556EB1A2328D100685430 /* MainViewController.m */,
				017556EC1A2328D100685430 /* MainViewController.xib */,
				017556D11A2328AF00685430 /* Images.xcassets */,
				017556C41A2328AF00685430 /* Supporting Files */,
			);
			path = DaiPortalV2;
			sourceTree = "<group>";
		};
		017556C41A2328AF00685430 /* Supporting Files */ = {
			isa = PBXGroup;
			children = (
				017556EF1A2328DE00685430 /* Default-568h@2x.png */,
				017556C51A2328AF00685430 /* Info.plist */,
				017556C61A2328AF00685430 /* main.m */,
			);
			name = "Supporting Files";
			sourceTree = "<group>";
		};
		017556F11A23296D00685430 /* DaiPortal */ = {
			isa = PBXGroup;
			children = (
				014966B91A24176900C72006 /* NSObject+DaiPortal.h */,
				014966BA1A24176900C72006 /* NSObject+DaiPortal.m */,
				01C0B57C1A8A046900410034 /* PortalCore */,
				0133367D1A8B0450007314CB /* PortalUtility */,
			);
			path = DaiPortal;
			sourceTree = "<group>";
		};
		01C0B57C1A8A046900410034 /* PortalCore */ = {
			isa = PBXGroup;
			children = (
				01C0B57D1A8A04B000410034 /* DaiPortal.h */,
				01C0B57E1A8A04B000410034 /* DaiPortal.m */,
				013336761A8AED0B007314CB /* DaiPortal+Internal.h */,
				013336771A8AED0B007314CB /* DaiPortal+Internal.m */,
				013336731A8AEC04007314CB /* DaiPortal+Reciver.h */,
				013336741A8AEC04007314CB /* DaiPortal+Reciver.m */,
				013336791A8AED9A007314CB /* DaiPortal+Sender.h */,
				0133367A1A8AED9A007314CB /* DaiPortal+Sender.m */,
			);
			path = PortalCore;
			sourceTree = "<group>";
		};
/* End PBXGroup section */

/* Begin PBXNativeTarget section */
		017556C01A2328AF00685430 /* DaiPortalV2 */ = {
			isa = PBXNativeTarget;
			buildConfigurationList = 017556E41A2328AF00685430 /* Build configuration list for PBXNativeTarget "DaiPortalV2" */;
			buildPhases = (
				017556BD1A2328AF00685430 /* Sources */,
				017556BE1A2328AF00685430 /* Frameworks */,
				017556BF1A2328AF00685430 /* Resources */,
			);
			buildRules = (
			);
			dependencies = (
			);
			name = DaiPortalV2;
			productName = DaiPortalV2;
			productReference = 017556C11A2328AF00685430 /* DaiPortalV2.app */;
			productType = "com.apple.product-type.application";
		};
/* End PBXNativeTarget section */

/* Begin PBXProject section */
		017556B91A2328AF00685430 /* Project object */ = {
			isa = PBXProject;
			attributes = {
				LastUpgradeCheck = 0610;
				ORGANIZATIONNAME = ChilunChen;
				TargetAttributes = {
					017556C01A2328AF00685430 = {
						CreatedOnToolsVersion = 6.1;
					};
				};
			};
			buildConfigurationList = 017556BC1A2328AF00685430 /* Build configuration list for PBXProject "DaiPortalV2" */;
			compatibilityVersion = "Xcode 3.2";
			developmentRegion = English;
			hasScannedForEncodings = 0;
			knownRegions = (
				en,
				Base,
			);
			mainGroup = 017556B81A2328AF00685430;
			productRefGroup = 017556C21A2328AF00685430 /* Products */;
			projectDirPath = "";
			projectRoot = "";
			targets = (
				017556C01A2328AF00685430 /* DaiPortalV2 */,
			);
		};
/* End PBXProject section */

/* Begin PBXResourcesBuildPhase section */
		017556BF1A2328AF00685430 /* Resources */ = {
			isa = PBXResourcesBuildPhase;
			buildActionMask = 2147483647;
			files = (
				017556D21A2328AF00685430 /* Images.xcassets in Resources */,
				017556EE1A2328D100685430 /* MainViewController.xib in Resources */,
				017556F01A2328DE00685430 /* Default-568h@2x.png in Resources */,
			);
			runOnlyForDeploymentPostprocessing = 0;
		};
/* End PBXResourcesBuildPhase section */

/* Begin PBXSourcesBuildPhase section */
		017556BD1A2328AF00685430 /* Sources */ = {
			isa = PBXSourcesBuildPhase;
			buildActionMask = 2147483647;
			files = (
				01C0B57F1A8A04B000410034 /* DaiPortal.m in Sources */,
				013336871A8B0450007314CB /* DaiPortalMessager.m in Sources */,
				017556CA1A2328AF00685430 /* AppDelegate.m in Sources */,
				013336861A8B0450007314CB /* DaiPortalBlockAnalysis.m in Sources */,
				014966BB1A24176900C72006 /* NSObject+DaiPortal.m in Sources */,
				0133367B1A8AED9A007314CB /* DaiPortal+Sender.m in Sources */,
				017556ED1A2328D100685430 /* MainViewController.m in Sources */,
				013336751A8AEC04007314CB /* DaiPortal+Reciver.m in Sources */,
				013336891A8B0450007314CB /* SFExecuteOnDeallocInternalObject.m in Sources */,
				017556C71A2328AF00685430 /* main.m in Sources */,
				0181DA371A8B0A760056CE18 /* DaiPortalPackage.m in Sources */,
				013336781A8AED0B007314CB /* DaiPortal+Internal.m in Sources */,
			);
			runOnlyForDeploymentPostprocessing = 0;
		};
/* End PBXSourcesBuildPhase section */

/* Begin XCBuildConfiguration section */
		017556E21A2328AF00685430 /* Debug */ = {
			isa = XCBuildConfiguration;
			buildSettings = {
				ALWAYS_SEARCH_USER_PATHS = NO;
				CLANG_CXX_LANGUAGE_STANDARD = "gnu++0x";
				CLANG_CXX_LIBRARY = "libc++";
				CLANG_ENABLE_MODULES = YES;
				CLANG_ENABLE_OBJC_ARC = YES;
				CLANG_WARN_BOOL_CONVERSION = YES;
				CLANG_WARN_CONSTANT_CONVERSION = YES;
				CLANG_WARN_DIRECT_OBJC_ISA_USAGE = YES_ERROR;
				CLANG_WARN_EMPTY_BODY = YES;
				CLANG_WARN_ENUM_CONVERSION = YES;
				CLANG_WARN_INT_CONVERSION = YES;
				CLANG_WARN_OBJC_ROOT_CLASS = YES_ERROR;
				CLANG_WARN_UNREACHABLE_CODE = YES;
				CLANG_WARN__DUPLICATE_METHOD_MATCH = YES;
				"CODE_SIGN_IDENTITY[sdk=iphoneos*]" = "iPhone Developer";
				COPY_PHASE_STRIP = NO;
				ENABLE_STRICT_OBJC_MSGSEND = YES;
				GCC_C_LANGUAGE_STANDARD = gnu99;
				GCC_DYNAMIC_NO_PIC = NO;
				GCC_OPTIMIZATION_LEVEL = 0;
				GCC_PREPROCESSOR_DEFINITIONS = (
					"DEBUG=1",
					"$(inherited)",
				);
				GCC_SYMBOLS_PRIVATE_EXTERN = NO;
				GCC_WARN_64_TO_32_BIT_CONVERSION = YES;
				GCC_WARN_ABOUT_RETURN_TYPE = YES_ERROR;
				GCC_WARN_UNDECLARED_SELECTOR = YES;
				GCC_WARN_UNINITIALIZED_AUTOS = YES_AGGRESSIVE;
				GCC_WARN_UNUSED_FUNCTION = YES;
				GCC_WARN_UNUSED_VARIABLE = YES;
				IPHONEOS_DEPLOYMENT_TARGET = 8.1;
				MTL_ENABLE_DEBUG_INFO = YES;
				ONLY_ACTIVE_ARCH = YES;
				SDKROOT = iphoneos;
			};
			name = Debug;
		};
		017556E31A2328AF00685430 /* Release */ = {
			isa = XCBuildConfiguration;
			buildSettings = {
				ALWAYS_SEARCH_USER_PATHS = NO;
				CLANG_CXX_LANGUAGE_STANDARD = "gnu++0x";
				CLANG_CXX_LIBRARY = "libc++";
				CLANG_ENABLE_MODULES = YES;
				CLANG_ENABLE_OBJC_ARC = YES;
				CLANG_WARN_BOOL_CONVERSION = YES;
				CLANG_WARN_CONSTANT_CONVERSION = YES;
				CLANG_WARN_DIRECT_OBJC_ISA_USAGE = YES_ERROR;
				CLANG_WARN_EMPTY_BODY = YES;
				CLANG_WARN_ENUM_CONVERSION = YES;
				CLANG_WARN_INT_CONVERSION = YES;
				CLANG_WARN_OBJC_ROOT_CLASS = YES_ERROR;
				CLANG_WARN_UNREACHABLE_CODE = YES;
				CLANG_WARN__DUPLICATE_METHOD_MATCH = YES;
				"CODE_SIGN_IDENTITY[sdk=iphoneos*]" = "iPhone Developer";
				COPY_PHASE_STRIP = YES;
				ENABLE_NS_ASSERTIONS = NO;
				ENABLE_STRICT_OBJC_MSGSEND = YES;
				GCC_C_LANGUAGE_STANDARD = gnu99;
				GCC_WARN_64_TO_32_BIT_CONVERSION = YES;
				GCC_WARN_ABOUT_RETURN_TYPE = YES_ERROR;
				GCC_WARN_UNDECLARED_SELECTOR = YES;
				GCC_WARN_UNINITIALIZED_AUTOS = YES_AGGRESSIVE;
				GCC_WARN_UNUSED_FUNCTION = YES;
				GCC_WARN_UNUSED_VARIABLE = YES;
				IPHONEOS_DEPLOYMENT_TARGET = 8.1;
				MTL_ENABLE_DEBUG_INFO = NO;
				SDKROOT = iphoneos;
				VALIDATE_PRODUCT = YES;
			};
			name = Release;
		};
		017556E51A2328AF00685430 /* Debug */ = {
			isa = XCBuildConfiguration;
			buildSettings = {
				ASSETCATALOG_COMPILER_APPICON_NAME = AppIcon;
				INFOPLIST_FILE = DaiPortalV2/Info.plist;
				LD_RUNPATH_SEARCH_PATHS = "$(inherited) @executable_path/Frameworks";
				PRODUCT_NAME = "$(TARGET_NAME)";
			};
			name = Debug;
		};
		017556E61A2328AF00685430 /* Release */ = {
			isa = XCBuildConfiguration;
			buildSettings = {
				ASSETCATALOG_COMPILER_APPICON_NAME = AppIcon;
				INFOPLIST_FILE = DaiPortalV2/Info.plist;
				LD_RUNPATH_SEARCH_PATHS = "$(inherited) @executable_path/Frameworks";
				PRODUCT_NAME = "$(TARGET_NAME)";
			};
			name = Release;
		};
/* End XCBuildConfiguration section */

/* Begin XCConfigurationList section */
		017556BC1A2328AF00685430 /* Build configuration list for PBXProject "DaiPortalV2" */ = {
			isa = XCConfigurationList;
			buildConfigurations = (
				017556E21A2328AF00685430 /* Debug */,
				017556E31A2328AF00685430 /* Release */,
			);
			defaultConfigurationIsVisible = 0;
			defaultConfigurationName = Release;
		};
		017556E41A2328AF00685430 /* Build configuration list for PBXNativeTarget "DaiPortalV2" */ = {
			isa = XCConfigurationList;
			buildConfigurations = (
				017556E51A2328AF00685430 /* Debug */,
				017556E61A2328AF00685430 /* Release */,
			);
			defaultConfigurationIsVisible = 0;
			defaultConfigurationName = Release;
		};
/* End XCConfigurationList section */
	};
	rootObject = 017556B91A2328AF00685430 /* Project object */;
}
